
Microsoft Visual Studio Solution File, Format Version 12.00
# Visual Studio 2012
Project("{8BC9CEB8-8B4A-11D0-8D11-00A0C91BC942}") = "Lists", "Lists\Lists.vcxproj", "{C46E3981-5B21-4E77-9AAE-446CA406EBE0}"
EndProject
Project("{8BC9CEB8-8B4A-11D0-8D11-00A0C91BC942}") = "gtest", "gtest\gtest.vcxproj", "{60932AFC-7808-48B7-B3BF-F2BC151C0065}"
EndProject
Project("{8BC9CEB8-8B4A-11D0-8D11-00A0C91BC942}") = "test", "test\test.vcxproj", "{B0D9E1E2-B7B3-4C29-A568-EDC4EA08EE59}"
EndProject
Global
	GlobalSection(SolutionConfigurationPlatforms) = preSolution
		Debug|Win32 = Debug|Win32
		Release|Win32 = Release|Win32
	EndGlobalSection
	GlobalSection(ProjectConfigurationPlatforms) = postSolution
		{C46E3981-5B21-4E77-9AAE-446CA406EBE0}.Debug|Win32.ActiveCfg = Debug|Win32
		{C46E3981-5B21-4E77-9AAE-446CA406EBE0}.Debug|Win32.Build.0 = Debug|Win32
		{C46E3981-5B21-4E77-9AAE-446CA406EBE0}.Release|Win32.ActiveCfg = Release|Win32
		{C46E3981-5B21-4E77-9AAE-446CA406EBE0}.Release|Win32.Build.0 = Release|Win32
		{60932AFC-7808-48B7-B3BF-F2BC151C0065}.Debug|Win32.ActiveCfg = Debug|Win32
		{60932AFC-7808-48B7-B3BF-F2BC151C0065}.Debug|Win32.Build.0 = Debug|Win32
		{60932AFC-7808-48B7-B3BF-F2BC151C0065}.Release|Win32.ActiveCfg = Release|Win32
		{60932AFC-7808-48B7-B3BF-F2BC151C0065}.Release|Win32.Build.0 = Release|Win32
		{B0D9E1E2-B7B3-4C29-A568-EDC4EA08EE59}.Debug|Win32.ActiveCfg = Debug|Win32
		{B0D9E1E2-B7B3-4C29-A568-EDC4EA08EE59}.Debug|Win32.Build.0 = Debug|Win32
		{B0D9E1E2-B7B3-4C29-A568-EDC4EA08EE59}.Release|Win32.ActiveCfg = Release|Win32
		{B0D9E1E2-B7B3-4C29-A568-EDC4EA08EE59}.Release|Win32.Build.0 = Release|Win32
	EndGlobalSection
	GlobalSection(SolutionProperties) = preSolution
		HideSolutionNode = FALSE
	EndGlobalSection
EndGlobal
