
Microsoft Visual Studio Solution File, Format Version 12.00
# Visual Studio Express 2012 for Windows Desktop
Project("{8BC9CEB8-8B4A-11D0-8D11-00A0C91BC942}") = "gtest", "gtest\gtest.vcxproj", "{46EA2370-88BB-4EBE-94CF-51DA46FD317E}"
EndProject
Project("{8BC9CEB8-8B4A-11D0-8D11-00A0C91BC942}") = "Lists", "Lists\Lists.vcxproj", "{D003D850-7D5E-4186-A4B3-E2F327E9DD00}"
EndProject
Project("{8BC9CEB8-8B4A-11D0-8D11-00A0C91BC942}") = "Lists-test", "Lists-test\Lists-test.vcxproj", "{4221728B-057E-4683-82C7-ED4B4FBC8DDF}"
EndProject
Global
	GlobalSection(SolutionConfigurationPlatforms) = preSolution
		Debug|Win32 = Debug|Win32
		Release|Win32 = Release|Win32
	EndGlobalSection
	GlobalSection(ProjectConfigurationPlatforms) = postSolution
		{46EA2370-88BB-4EBE-94CF-51DA46FD317E}.Debug|Win32.ActiveCfg = Debug|Win32
		{46EA2370-88BB-4EBE-94CF-51DA46FD317E}.Debug|Win32.Build.0 = Debug|Win32
		{46EA2370-88BB-4EBE-94CF-51DA46FD317E}.Release|Win32.ActiveCfg = Release|Win32
		{46EA2370-88BB-4EBE-94CF-51DA46FD317E}.Release|Win32.Build.0 = Release|Win32
		{D003D850-7D5E-4186-A4B3-E2F327E9DD00}.Debug|Win32.ActiveCfg = Debug|Win32
		{D003D850-7D5E-4186-A4B3-E2F327E9DD00}.Debug|Win32.Build.0 = Debug|Win32
		{D003D850-7D5E-4186-A4B3-E2F327E9DD00}.Release|Win32.ActiveCfg = Release|Win32
		{D003D850-7D5E-4186-A4B3-E2F327E9DD00}.Release|Win32.Build.0 = Release|Win32
		{4221728B-057E-4683-82C7-ED4B4FBC8DDF}.Debug|Win32.ActiveCfg = Debug|Win32
		{4221728B-057E-4683-82C7-ED4B4FBC8DDF}.Debug|Win32.Build.0 = Debug|Win32
		{4221728B-057E-4683-82C7-ED4B4FBC8DDF}.Release|Win32.ActiveCfg = Release|Win32
		{4221728B-057E-4683-82C7-ED4B4FBC8DDF}.Release|Win32.Build.0 = Release|Win32
	EndGlobalSection
	GlobalSection(SolutionProperties) = preSolution
		HideSolutionNode = FALSE
	EndGlobalSection
EndGlobal
